
Microsoft Visual Studio Solution File, Format Version 12.00
# Visual Studio Version 16
VisualStudioVersion = 16.0.30517.126
MinimumVisualStudioVersion = 10.0.40219.1
Project("{FAE04EC0-301F-11D3-BF4B-00C04F79EFBC}") = "TempConversionConsole", "TempConversionConsole.csproj", "{DBDD6260-E811-49A6-8457-4891430A83E1}"
EndProject
Project("{9A19103F-16F7-4668-BE54-9A1E7A4F7556}") = "TempConversionClass", "..\TempConversionClass\TempConversionClass.csproj", "{70D847CA-BD20-4E60-B5D4-D52E06D5A15A}"
EndProject
Global
	GlobalSection(SolutionConfigurationPlatforms) = preSolution
		Debug|Any CPU = Debug|Any CPU
		Release|Any CPU = Release|Any CPU
	EndGlobalSection
	GlobalSection(ProjectConfigurationPlatforms) = postSolution
		{DBDD6260-E811-49A6-8457-4891430A83E1}.Debug|Any CPU.ActiveCfg = Debug|Any CPU
		{DBDD6260-E811-49A6-8457-4891430A83E1}.Debug|Any CPU.Build.0 = Debug|Any CPU
		{DBDD6260-E811-49A6-8457-4891430A83E1}.Release|Any CPU.ActiveCfg = Release|Any CPU
		{DBDD6260-E811-49A6-8457-4891430A83E1}.Release|Any CPU.Build.0 = Release|Any CPU
		{70D847CA-BD20-4E60-B5D4-D52E06D5A15A}.Debug|Any CPU.ActiveCfg = Debug|Any CPU
		{70D847CA-BD20-4E60-B5D4-D52E06D5A15A}.Debug|Any CPU.Build.0 = Debug|Any CPU
		{70D847CA-BD20-4E60-B5D4-D52E06D5A15A}.Release|Any CPU.ActiveCfg = Release|Any CPU
		{70D847CA-BD20-4E60-B5D4-D52E06D5A15A}.Release|Any CPU.Build.0 = Release|Any CPU
	EndGlobalSection
	GlobalSection(SolutionProperties) = preSolution
		HideSolutionNode = FALSE
	EndGlobalSection
	GlobalSection(ExtensibilityGlobals) = postSolution
		SolutionGuid = {CD12D4DA-1E1A-41C8-B565-C83AD44011C7}
	EndGlobalSection
EndGlobal
